
Microsoft Visual Studio Solution File, Format Version 12.00
# Visual Studio 2012
Project("{FAE04EC0-301F-11D3-BF4B-00C04F79EFBC}") = "Performance", "PerformanceKata\Performance.csproj", "{14F687E1-C3DC-40BC-A507-0A4BE997D90A}"
EndProject
Project("{FAE04EC0-301F-11D3-BF4B-00C04F79EFBC}") = "Factorials", "Factorials\Factorials.csproj", "{2D962EAF-6304-496A-AD58-C82A3F66A530}"
EndProject
Project("{FAE04EC0-301F-11D3-BF4B-00C04F79EFBC}") = "PerformanceTests", "PerformanceTests\PerformanceTests.csproj", "{38BEDE50-B9F7-4819-AEE8-69A924376404}"
EndProject
Global
	GlobalSection(SolutionConfigurationPlatforms) = preSolution
		Debug|Any CPU = Debug|Any CPU
		Release|Any CPU = Release|Any CPU
	EndGlobalSection
	GlobalSection(ProjectConfigurationPlatforms) = postSolution
		{14F687E1-C3DC-40BC-A507-0A4BE997D90A}.Debug|Any CPU.ActiveCfg = Debug|Any CPU
		{14F687E1-C3DC-40BC-A507-0A4BE997D90A}.Debug|Any CPU.Build.0 = Debug|Any CPU
		{14F687E1-C3DC-40BC-A507-0A4BE997D90A}.Release|Any CPU.ActiveCfg = Release|Any CPU
		{14F687E1-C3DC-40BC-A507-0A4BE997D90A}.Release|Any CPU.Build.0 = Release|Any CPU
		{2D962EAF-6304-496A-AD58-C82A3F66A530}.Debug|Any CPU.ActiveCfg = Debug|Any CPU
		{2D962EAF-6304-496A-AD58-C82A3F66A530}.Debug|Any CPU.Build.0 = Debug|Any CPU
		{2D962EAF-6304-496A-AD58-C82A3F66A530}.Release|Any CPU.ActiveCfg = Release|Any CPU
		{2D962EAF-6304-496A-AD58-C82A3F66A530}.Release|Any CPU.Build.0 = Release|Any CPU
		{38BEDE50-B9F7-4819-AEE8-69A924376404}.Debug|Any CPU.ActiveCfg = Debug|Any CPU
		{38BEDE50-B9F7-4819-AEE8-69A924376404}.Debug|Any CPU.Build.0 = Debug|Any CPU
		{38BEDE50-B9F7-4819-AEE8-69A924376404}.Release|Any CPU.ActiveCfg = Release|Any CPU
		{38BEDE50-B9F7-4819-AEE8-69A924376404}.Release|Any CPU.Build.0 = Release|Any CPU
	EndGlobalSection
	GlobalSection(SolutionProperties) = preSolution
		HideSolutionNode = FALSE
	EndGlobalSection
EndGlobal
